{
  "name": "Try",
  "lockfileVersion": 2,
  "requires": true,
  "packages": {
    "": {
      "dependencies": {
        "fullpage.js": "^4.0.11"
      }
    },
    "node_modules/fullpage.js": {
      "version": "4.0.11",
      "resolved": "https://registry.npmjs.org/fullpage.js/-/fullpage.js-4.0.11.tgz",
      "integrity": "sha512-2YWG9mIfUqAPz8eFPHsSq/rMWT5xv+2C6dxQ6bljj1m31MgvhWNU3r+sa5+Ds35QThyrL3uo9RUPCxolp3SjuQ=="
    }
  },
  "dependencies": {
    "fullpage.js": {
      "version": "4.0.11",
      "resolved": "https://registry.npmjs.org/fullpage.js/-/fullpage.js-4.0.11.tgz",
      "integrity": "sha512-2YWG9mIfUqAPz8eFPHsSq/rMWT5xv+2C6dxQ6bljj1m31MgvhWNU3r+sa5+Ds35QThyrL3uo9RUPCxolp3SjuQ=="
    }
  }
}
